// !$*UTF8*$!
{
	archiveVersion = 1;
	classes = {
	};
	objectVersion = 46;
	objects = {

/* Begin PBXBuildFile section */
		F1B546461CCD5B6C000A19F4 /* AppDelegate.swift in Sources */ = {isa = PBXBuildFile; fileRef = F1B546451CCD5B6C000A19F4 /* AppDelegate.swift */; };
		F1B546481CCD5B6C000A19F4 /* ViewController.swift in Sources */ = {isa = PBXBuildFile; fileRef = F1B546471CCD5B6C000A19F4 /* ViewController.swift */; };
		F1B5464B1CCD5B6C000A19F4 /* Main.storyboard in Resources */ = {isa = PBXBuildFile; fileRef = F1B546491CCD5B6C000A19F4 /* Main.storyboard */; };
		F1B5464D1CCD5B6C000A19F4 /* Assets.xcassets in Resources */ = {isa = PBXBuildFile; fileRef = F1B5464C1CCD5B6C000A19F4 /* Assets.xcassets */; };
		F1B546501CCD5B6C000A19F4 /* LaunchScreen.storyboard in Resources */ = {isa = PBXBuildFile; fileRef = F1B5464E1CCD5B6C000A19F4 /* LaunchScreen.storyboard */; };
/* End PBXBuildFile section */

/* Begin PBXFileReference section */
		F1B546421CCD5B6C000A19F4 /* curitibaVegana.app */ = {isa = PBXFileReference; explicitFileType = wrapper.application; includeInIndex = 0; path = curitibaVegana.app; sourceTree = BUILT_PRODUCTS_DIR; };
		F1B546451CCD5B6C000A19F4 /* AppDelegate.swift */ = {isa = PBXFileReference; lastKnownFileType = sourcecode.swift; path = AppDelegate.swift; sourceTree = "<group>"; };
		F1B546471CCD5B6C000A19F4 /* ViewController.swift */ = {isa = PBXFileReference; lastKnownFileType = sourcecode.swift; path = ViewController.swift; sourceTree = "<group>"; };
		F1B5464A1CCD5B6C000A19F4 /* Base */ = {isa = PBXFileReference; lastKnownFileType = file.storyboard; name = Base; path = Base.lproj/Main.storyboard; sourceTree = "<group>"; };
		F1B5464C1CCD5B6C000A19F4 /* Assets.xcassets */ = {isa = PBXFileReference; lastKnownFileType = folder.assetcatalog; path = Assets.xcassets; sourceTree = "<group>"; };
		F1B5464F1CCD5B6C000A19F4 /* Base */ = {isa = PBXFileReference; lastKnownFileType = file.storyboard; name = Base; path = Base.lproj/LaunchScreen.storyboard; sourceTree = "<group>"; };
		F1B546511CCD5B6C000A19F4 /* Info.plist */ = {isa = PBXFileReference; lastKnownFileType = text.plist.xml; path = Info.plist; sourceTree = "<group>"; };
/* End PBXFileReference section */

/* Begin PBXFrameworksBuildPhase section */
		F1B5463F1CCD5B6C000A19F4 /* Frameworks */ = {
			isa = PBXFrameworksBuildPhase;
			buildActionMask = 2147483647;
			files = (
			);
			runOnlyForDeploymentPostprocessing = 0;
		};
/* End PBXFrameworksBuildPhase section */

/* Begin PBXGroup section */
		F1B546391CCD5B6C000A19F4 = {
			isa = PBXGroup;
			children = (
				F1B546441CCD5B6C000A19F4 /* curitibaVegana */,
				F1B546431CCD5B6C000A19F4 /* Products */,
			);
			sourceTree = "<group>";
		};
		F1B546431CCD5B6C000A19F4 /* Products */ = {
			isa = PBXGroup;
			children = (
				F1B546421CCD5B6C000A19F4 /* curitibaVegana.app */,
			);
			name = Products;
			sourceTree = "<group>";
		};
		F1B546441CCD5B6C000A19F4 /* curitibaVegana */ = {
			isa = PBXGroup;
			children = (
				F1B546451CCD5B6C000A19F4 /* AppDelegate.swift */,
				F1B546471CCD5B6C000A19F4 /* ViewController.swift */,
				F1B546491CCD5B6C000A19F4 /* Main.storyboard */,
				F1B5464C1CCD5B6C000A19F4 /* Assets.xcassets */,
				F1B5464E1CCD5B6C000A19F4 /* LaunchScreen.storyboard */,
				F1B546511CCD5B6C000A19F4 /* Info.plist */,
			);
			path = curitibaVegana;
			sourceTree = "<group>";
		};
/* End PBXGroup section */

/* Begin PBXNativeTarget section */
		F1B546411CCD5B6C000A19F4 /* curitibaVegana */ = {
			isa = PBXNativeTarget;
			buildConfigurationList = F1B546541CCD5B6C000A19F4 /* Build configuration list for PBXNativeTarget "curitibaVegana" */;
			buildPhases = (
				F1B5463E1CCD5B6C000A19F4 /* Sources */,
				F1B5463F1CCD5B6C000A19F4 /* Frameworks */,
				F1B546401CCD5B6C000A19F4 /* Resources */,
			);
			buildRules = (
			);
			dependencies = (
			);
			name = curitibaVegana;
			productName = curitibaVegana;
			productReference = F1B546421CCD5B6C000A19F4 /* curitibaVegana.app */;
			productType = "com.apple.product-type.application";
		};
/* End PBXNativeTarget section */

/* Begin PBXProject section */
		F1B5463A1CCD5B6C000A19F4 /* Project object */ = {
			isa = PBXProject;
			attributes = {
				LastSwiftUpdateCheck = 0730;
				LastUpgradeCheck = 0730;
				ORGANIZATIONNAME = gorpalabs;
				TargetAttributes = {
					F1B546411CCD5B6C000A19F4 = {
						CreatedOnToolsVersion = 7.3;
						DevelopmentTeam = BB769DK9UP;
					};
				};
			};
			buildConfigurationList = F1B5463D1CCD5B6C000A19F4 /* Build configuration list for PBXProject "curitibaVegana" */;
			compatibilityVersion = "Xcode 3.2";
			developmentRegion = English;
			hasScannedForEncodings = 0;
			knownRegions = (
				en,
				Base,
			);
			mainGroup = F1B546391CCD5B6C000A19F4;
			productRefGroup = F1B546431CCD5B6C000A19F4 /* Products */;
			projectDirPath = "";
			projectRoot = "";
			targets = (
				F1B546411CCD5B6C000A19F4 /* curitibaVegana */,
			);
		};
/* End PBXProject section */

/* Begin PBXResourcesBuildPhase section */
		F1B546401CCD5B6C000A19F4 /* Resources */ = {
			isa = PBXResourcesBuildPhase;
			buildActionMask = 2147483647;
			files = (
				F1B546501CCD5B6C000A19F4 /* LaunchScreen.storyboard in Resources */,
				F1B5464D1CCD5B6C000A19F4 /* Assets.xcassets in Resources */,
				F1B5464B1CCD5B6C000A19F4 /* Main.storyboard in Resources */,
			);
			runOnlyForDeploymentPostprocessing = 0;
		};
/* End PBXResourcesBuildPhase section */

/* Begin PBXSourcesBuildPhase section */
		F1B5463E1CCD5B6C000A19F4 /* Sources */ = {
			isa = PBXSourcesBuildPhase;
			buildActionMask = 2147483647;
			files = (
				F1B546481CCD5B6C000A19F4 /* ViewController.swift in Sources */,
				F1B546461CCD5B6C000A19F4 /* AppDelegate.swift in Sources */,
			);
			runOnlyForDeploymentPostprocessing = 0;
		};
/* End PBXSourcesBuildPhase section */

/* Begin PBXVariantGroup section */
		F1B546491CCD5B6C000A19F4 /* Main.storyboard */ = {
			isa = PBXVariantGroup;
			children = (
				F1B5464A1CCD5B6C000A19F4 /* Base */,
			);
			name = Main.storyboard;
			sourceTree = "<group>";
		};
		F1B5464E1CCD5B6C000A19F4 /* LaunchScreen.storyboard */ = {
			isa = PBXVariantGroup;
			children = (
				F1B5464F1CCD5B6C000A19F4 /* Base */,
			);
			name = LaunchScreen.storyboard;
			sourceTree = "<group>";
		};
/* End PBXVariantGroup section */

/* Begin XCBuildConfiguration section */
		F1B546521CCD5B6C000A19F4 /* Debug */ = {
			isa = XCBuildConfiguration;
			buildSettings = {
				ALWAYS_SEARCH_USER_PATHS = NO;
				CLANG_ANALYZER_NONNULL = YES;
				CLANG_CXX_LANGUAGE_STANDARD = "gnu++0x";
				CLANG_CXX_LIBRARY = "libc++";
				CLANG_ENABLE_MODULES = YES;
				CLANG_ENABLE_OBJC_ARC = YES;
				CLANG_WARN_BOOL_CONVERSION = YES;
				CLANG_WARN_CONSTANT_CONVERSION = YES;
				CLANG_WARN_DIRECT_OBJC_ISA_USAGE = YES_ERROR;
				CLANG_WARN_EMPTY_BODY = YES;
				CLANG_WARN_ENUM_CONVERSION = YES;
				CLANG_WARN_INT_CONVERSION = YES;
				CLANG_WARN_OBJC_ROOT_CLASS = YES_ERROR;
				CLANG_WARN_UNREACHABLE_CODE = YES;
				CLANG_WARN__DUPLICATE_METHOD_MATCH = YES;
				"CODE_SIGN_IDENTITY[sdk=iphoneos*]" = "iPhone Developer";
				COPY_PHASE_STRIP = NO;
				DEBUG_INFORMATION_FORMAT = dwarf;
				ENABLE_STRICT_OBJC_MSGSEND = YES;
				ENABLE_TESTABILITY = YES;
				GCC_C_LANGUAGE_STANDARD = gnu99;
				GCC_DYNAMIC_NO_PIC = NO;
				GCC_NO_COMMON_BLOCKS = YES;
				GCC_OPTIMIZATION_LEVEL = 0;
				GCC_PREPROCESSOR_DEFINITIONS = (
					"DEBUG=1",
					"$(inherited)",
				);
				GCC_WARN_64_TO_32_BIT_CONVERSION = YES;
				GCC_WARN_ABOUT_RETURN_TYPE = YES_ERROR;
				GCC_WARN_UNDECLARED_SELECTOR = YES;
				GCC_WARN_UNINITIALIZED_AUTOS = YES_AGGRESSIVE;
				GCC_WARN_UNUSED_FUNCTION = YES;
				GCC_WARN_UNUSED_VARIABLE = YES;
				IPHONEOS_DEPLOYMENT_TARGET = 9.3;
				MTL_ENABLE_DEBUG_INFO = YES;
				ONLY_ACTIVE_ARCH = YES;
				SDKROOT = iphoneos;
				SWIFT_OPTIMIZATION_LEVEL = "-Onone";
			};
			name = Debug;
		};
		F1B546531CCD5B6C000A19F4 /* Release */ = {
			isa = XCBuildConfiguration;
			buildSettings = {
				ALWAYS_SEARCH_USER_PATHS = NO;
				CLANG_ANALYZER_NONNULL = YES;
				CLANG_CXX_LANGUAGE_STANDARD = "gnu++0x";
				CLANG_CXX_LIBRARY = "libc++";
				CLANG_ENABLE_MODULES = YES;
				CLANG_ENABLE_OBJC_ARC = YES;
				CLANG_WARN_BOOL_CONVERSION = YES;
				CLANG_WARN_CONSTANT_CONVERSION = YES;
				CLANG_WARN_DIRECT_OBJC_ISA_USAGE = YES_ERROR;
				CLANG_WARN_EMPTY_BODY = YES;
				CLANG_WARN_ENUM_CONVERSION = YES;
				CLANG_WARN_INT_CONVERSION = YES;
				CLANG_WARN_OBJC_ROOT_CLASS = YES_ERROR;
				CLANG_WARN_UNREACHABLE_CODE = YES;
				CLANG_WARN__DUPLICATE_METHOD_MATCH = YES;
				"CODE_SIGN_IDENTITY[sdk=iphoneos*]" = "iPhone Developer";
				COPY_PHASE_STRIP = NO;
				DEBUG_INFORMATION_FORMAT = "dwarf-with-dsym";
				ENABLE_NS_ASSERTIONS = NO;
				ENABLE_STRICT_OBJC_MSGSEND = YES;
				GCC_C_LANGUAGE_STANDARD = gnu99;
				GCC_NO_COMMON_BLOCKS = YES;
				GCC_WARN_64_TO_32_BIT_CONVERSION = YES;
				GCC_WARN_ABOUT_RETURN_TYPE = YES_ERROR;
				GCC_WARN_UNDECLARED_SELECTOR = YES;
				GCC_WARN_UNINITIALIZED_AUTOS = YES_AGGRESSIVE;
				GCC_WARN_UNUSED_FUNCTION = YES;
				GCC_WARN_UNUSED_VARIABLE = YES;
				IPHONEOS_DEPLOYMENT_TARGET = 9.3;
				MTL_ENABLE_DEBUG_INFO = NO;
				SDKROOT = iphoneos;
				VALIDATE_PRODUCT = YES;
			};
			name = Release;
		};
		F1B546551CCD5B6C000A19F4 /* Debug */ = {
			isa = XCBuildConfiguration;
			buildSettings = {
				ASSETCATALOG_COMPILER_APPICON_NAME = AppIcon;
				INFOPLIST_FILE = curitibaVegana/Info.plist;
				LD_RUNPATH_SEARCH_PATHS = "$(inherited) @executable_path/Frameworks";
				PRODUCT_BUNDLE_IDENTIFIER = com.gorpalabs.curitibaVegana;
				PRODUCT_NAME = "$(TARGET_NAME)";
			};
			name = Debug;
		};
		F1B546561CCD5B6C000A19F4 /* Release */ = {
			isa = XCBuildConfiguration;
			buildSettings = {
				ASSETCATALOG_COMPILER_APPICON_NAME = AppIcon;
				INFOPLIST_FILE = curitibaVegana/Info.plist;
				LD_RUNPATH_SEARCH_PATHS = "$(inherited) @executable_path/Frameworks";
				PRODUCT_BUNDLE_IDENTIFIER = com.gorpalabs.curitibaVegana;
				PRODUCT_NAME = "$(TARGET_NAME)";
			};
			name = Release;
		};
/* End XCBuildConfiguration section */

/* Begin XCConfigurationList section */
		F1B5463D1CCD5B6C000A19F4 /* Build configuration list for PBXProject "curitibaVegana" */ = {
			isa = XCConfigurationList;
			buildConfigurations = (
				F1B546521CCD5B6C000A19F4 /* Debug */,
				F1B546531CCD5B6C000A19F4 /* Release */,
			);
			defaultConfigurationIsVisible = 0;
			defaultConfigurationName = Release;
		};
		F1B546541CCD5B6C000A19F4 /* Build configuration list for PBXNativeTarget "curitibaVegana" */ = {
			isa = XCConfigurationList;
			buildConfigurations = (
				F1B546551CCD5B6C000A19F4 /* Debug */,
				F1B546561CCD5B6C000A19F4 /* Release */,
			);
			defaultConfigurationIsVisible = 0;
		};
/* End XCConfigurationList section */
	};
	rootObject = F1B5463A1CCD5B6C000A19F4 /* Project object */;
}
